
Microsoft Visual Studio Solution File, Format Version 12.00
Project("{FAE04EC0-301F-11D3-BF4B-00C04F79EFBC}") = "ChatApp", "ChatApp\ChatApp.csproj", "{764E03F0-3791-42E2-8D0E-90DA559EC803}"
EndProject
Project("{2150E333-8FDC-42A3-9474-1A3956D46DE8}") = "Docker", "Docker", "{99726D32-4A2C-4512-AB32-847697907785}"
ProjectSection(SolutionItems) = preProject
	Dockerfile = Dockerfile
EndProjectSection
EndProject
Global
	GlobalSection(SolutionConfigurationPlatforms) = preSolution
		Debug|Any CPU = Debug|Any CPU
		Release|Any CPU = Release|Any CPU
	EndGlobalSection
	GlobalSection(ProjectConfigurationPlatforms) = postSolution
		{764E03F0-3791-42E2-8D0E-90DA559EC803}.Debug|Any CPU.ActiveCfg = Debug|Any CPU
		{764E03F0-3791-42E2-8D0E-90DA559EC803}.Debug|Any CPU.Build.0 = Debug|Any CPU
		{764E03F0-3791-42E2-8D0E-90DA559EC803}.Release|Any CPU.ActiveCfg = Release|Any CPU
		{764E03F0-3791-42E2-8D0E-90DA559EC803}.Release|Any CPU.Build.0 = Release|Any CPU
	EndGlobalSection
EndGlobal
